// !$*UTF8*$!
{
	archiveVersion = 1;
	classes = {
	};
	objectVersion = 46;
	objects = {

/* Begin PBXBuildFile section */
		393E091D1DED8C8B00661030 /* AppDelegate.swift in Sources */ = {isa = PBXBuildFile; fileRef = 393E091C1DED8C8B00661030 /* AppDelegate.swift */; };
		393E091F1DED8C8B00661030 /* MasterViewController.swift in Sources */ = {isa = PBXBuildFile; fileRef = 393E091E1DED8C8B00661030 /* MasterViewController.swift */; };
		393E09211DED8C8B00661030 /* DetailViewController.swift in Sources */ = {isa = PBXBuildFile; fileRef = 393E09201DED8C8B00661030 /* DetailViewController.swift */; };
		393E09241DED8C8B00661030 /* Main.storyboard in Resources */ = {isa = PBXBuildFile; fileRef = 393E09221DED8C8B00661030 /* Main.storyboard */; };
		393E09261DED8C8B00661030 /* Assets.xcassets in Resources */ = {isa = PBXBuildFile; fileRef = 393E09251DED8C8B00661030 /* Assets.xcassets */; };
		393E09291DED8C8B00661030 /* LaunchScreen.storyboard in Resources */ = {isa = PBXBuildFile; fileRef = 393E09271DED8C8B00661030 /* LaunchScreen.storyboard */; };
		393E09311DED8F1800661030 /* DataBaseHelper.swift in Sources */ = {isa = PBXBuildFile; fileRef = 393E09301DED8F1800661030 /* DataBaseHelper.swift */; };
		393E09331DED938900661030 /* TodoItem.swift in Sources */ = {isa = PBXBuildFile; fileRef = 393E09321DED938900661030 /* TodoItem.swift */; };
		393E09351DED946000661030 /* TodoList.swift in Sources */ = {isa = PBXBuildFile; fileRef = 393E09341DED946000661030 /* TodoList.swift */; };
		393E09371DED95DF00661030 /* TodoManager.swift in Sources */ = {isa = PBXBuildFile; fileRef = 393E09361DED95DF00661030 /* TodoManager.swift */; };
		39D2E3F01DF18CD00008D80D /* ListCell.swift in Sources */ = {isa = PBXBuildFile; fileRef = 39D2E3EF1DF18CD00008D80D /* ListCell.swift */; };
		39D2E3F21DF1B8710008D80D /* ItemCell.swift in Sources */ = {isa = PBXBuildFile; fileRef = 39D2E3F11DF1B8710008D80D /* ItemCell.swift */; };
		A1C7583C4218699BCB44FC69 /* Pods_10272380_pset5.framework in Frameworks */ = {isa = PBXBuildFile; fileRef = 69C03983D4B281639FC59379 /* Pods_10272380_pset5.framework */; };
/* End PBXBuildFile section */

/* Begin PBXFileReference section */
		393E09191DED8C8B00661030 /* 10272380-pset5.app */ = {isa = PBXFileReference; explicitFileType = wrapper.application; includeInIndex = 0; path = "10272380-pset5.app"; sourceTree = BUILT_PRODUCTS_DIR; };
		393E091C1DED8C8B00661030 /* AppDelegate.swift */ = {isa = PBXFileReference; lastKnownFileType = sourcecode.swift; path = AppDelegate.swift; sourceTree = "<group>"; };
		393E091E1DED8C8B00661030 /* MasterViewController.swift */ = {isa = PBXFileReference; lastKnownFileType = sourcecode.swift; path = MasterViewController.swift; sourceTree = "<group>"; };
		393E09201DED8C8B00661030 /* DetailViewController.swift */ = {isa = PBXFileReference; lastKnownFileType = sourcecode.swift; path = DetailViewController.swift; sourceTree = "<group>"; };
		393E09231DED8C8B00661030 /* Base */ = {isa = PBXFileReference; lastKnownFileType = file.storyboard; name = Base; path = Base.lproj/Main.storyboard; sourceTree = "<group>"; };
		393E09251DED8C8B00661030 /* Assets.xcassets */ = {isa = PBXFileReference; lastKnownFileType = folder.assetcatalog; path = Assets.xcassets; sourceTree = "<group>"; };
		393E09281DED8C8B00661030 /* Base */ = {isa = PBXFileReference; lastKnownFileType = file.storyboard; name = Base; path = Base.lproj/LaunchScreen.storyboard; sourceTree = "<group>"; };
		393E092A1DED8C8B00661030 /* Info.plist */ = {isa = PBXFileReference; lastKnownFileType = text.plist.xml; path = Info.plist; sourceTree = "<group>"; };
		393E09301DED8F1800661030 /* DataBaseHelper.swift */ = {isa = PBXFileReference; fileEncoding = 4; lastKnownFileType = sourcecode.swift; path = DataBaseHelper.swift; sourceTree = "<group>"; };
		393E09321DED938900661030 /* TodoItem.swift */ = {isa = PBXFileReference; fileEncoding = 4; lastKnownFileType = sourcecode.swift; path = TodoItem.swift; sourceTree = "<group>"; };
		393E09341DED946000661030 /* TodoList.swift */ = {isa = PBXFileReference; fileEncoding = 4; lastKnownFileType = sourcecode.swift; path = TodoList.swift; sourceTree = "<group>"; };
		393E09361DED95DF00661030 /* TodoManager.swift */ = {isa = PBXFileReference; fileEncoding = 4; lastKnownFileType = sourcecode.swift; path = TodoManager.swift; sourceTree = "<group>"; };
		39D2E3EF1DF18CD00008D80D /* ListCell.swift */ = {isa = PBXFileReference; fileEncoding = 4; lastKnownFileType = sourcecode.swift; path = ListCell.swift; sourceTree = "<group>"; };
		39D2E3F11DF1B8710008D80D /* ItemCell.swift */ = {isa = PBXFileReference; fileEncoding = 4; lastKnownFileType = sourcecode.swift; path = ItemCell.swift; sourceTree = "<group>"; };
		69C03983D4B281639FC59379 /* Pods_10272380_pset5.framework */ = {isa = PBXFileReference; explicitFileType = wrapper.framework; includeInIndex = 0; path = Pods_10272380_pset5.framework; sourceTree = BUILT_PRODUCTS_DIR; };
		A457906A15CF1BF0AAD1BB9E /* Pods-10272380-pset5.debug.xcconfig */ = {isa = PBXFileReference; includeInIndex = 1; lastKnownFileType = text.xcconfig; name = "Pods-10272380-pset5.debug.xcconfig"; path = "Pods/Target Support Files/Pods-10272380-pset5/Pods-10272380-pset5.debug.xcconfig"; sourceTree = "<group>"; };
		B84438188C1E26C94C76C204 /* Pods-10272380-pset5.release.xcconfig */ = {isa = PBXFileReference; includeInIndex = 1; lastKnownFileType = text.xcconfig; name = "Pods-10272380-pset5.release.xcconfig"; path = "Pods/Target Support Files/Pods-10272380-pset5/Pods-10272380-pset5.release.xcconfig"; sourceTree = "<group>"; };
/* End PBXFileReference section */

/* Begin PBXFrameworksBuildPhase section */
		393E09161DED8C8B00661030 /* Frameworks */ = {
			isa = PBXFrameworksBuildPhase;
			buildActionMask = 2147483647;
			files = (
				A1C7583C4218699BCB44FC69 /* Pods_10272380_pset5.framework in Frameworks */,
			);
			runOnlyForDeploymentPostprocessing = 0;
		};
/* End PBXFrameworksBuildPhase section */

/* Begin PBXGroup section */
		2CD6EE64B428BA311FC7CE5F /* Frameworks */ = {
			isa = PBXGroup;
			children = (
				69C03983D4B281639FC59379 /* Pods_10272380_pset5.framework */,
			);
			name = Frameworks;
			sourceTree = "<group>";
		};
		393E09101DED8C8B00661030 = {
			isa = PBXGroup;
			children = (
				393E091B1DED8C8B00661030 /* 10272380-pset5 */,
				393E091A1DED8C8B00661030 /* Products */,
				4104C213E55887CF459E1219 /* Pods */,
				2CD6EE64B428BA311FC7CE5F /* Frameworks */,
			);
			sourceTree = "<group>";
		};
		393E091A1DED8C8B00661030 /* Products */ = {
			isa = PBXGroup;
			children = (
				393E09191DED8C8B00661030 /* 10272380-pset5.app */,
			);
			name = Products;
			sourceTree = "<group>";
		};
		393E091B1DED8C8B00661030 /* 10272380-pset5 */ = {
			isa = PBXGroup;
			children = (
				393E091C1DED8C8B00661030 /* AppDelegate.swift */,
				393E09301DED8F1800661030 /* DataBaseHelper.swift */,
				393E091E1DED8C8B00661030 /* MasterViewController.swift */,
				393E09201DED8C8B00661030 /* DetailViewController.swift */,
				393E09221DED8C8B00661030 /* Main.storyboard */,
				393E09251DED8C8B00661030 /* Assets.xcassets */,
				393E09271DED8C8B00661030 /* LaunchScreen.storyboard */,
				393E092A1DED8C8B00661030 /* Info.plist */,
				393E09321DED938900661030 /* TodoItem.swift */,
				393E09341DED946000661030 /* TodoList.swift */,
				393E09361DED95DF00661030 /* TodoManager.swift */,
				39D2E3EF1DF18CD00008D80D /* ListCell.swift */,
				39D2E3F11DF1B8710008D80D /* ItemCell.swift */,
			);
			path = "10272380-pset5";
			sourceTree = "<group>";
		};
		4104C213E55887CF459E1219 /* Pods */ = {
			isa = PBXGroup;
			children = (
				A457906A15CF1BF0AAD1BB9E /* Pods-10272380-pset5.debug.xcconfig */,
				B84438188C1E26C94C76C204 /* Pods-10272380-pset5.release.xcconfig */,
			);
			name = Pods;
			sourceTree = "<group>";
		};
/* End PBXGroup section */

/* Begin PBXNativeTarget section */
		393E09181DED8C8B00661030 /* 10272380-pset5 */ = {
			isa = PBXNativeTarget;
			buildConfigurationList = 393E092D1DED8C8B00661030 /* Build configuration list for PBXNativeTarget "10272380-pset5" */;
			buildPhases = (
				6A0B7A5411F3101698D2B4C5 /* [CP] Check Pods Manifest.lock */,
				393E09151DED8C8B00661030 /* Sources */,
				393E09161DED8C8B00661030 /* Frameworks */,
				393E09171DED8C8B00661030 /* Resources */,
				ED6C8D210A93E8EA2B23A71A /* [CP] Embed Pods Frameworks */,
				782FF8A7191B2B27A62BABC1 /* [CP] Copy Pods Resources */,
			);
			buildRules = (
			);
			dependencies = (
			);
			name = "10272380-pset5";
			productName = "10272380-pset5";
			productReference = 393E09191DED8C8B00661030 /* 10272380-pset5.app */;
			productType = "com.apple.product-type.application";
		};
/* End PBXNativeTarget section */

/* Begin PBXProject section */
		393E09111DED8C8B00661030 /* Project object */ = {
			isa = PBXProject;
			attributes = {
				LastSwiftUpdateCheck = 0810;
				LastUpgradeCheck = 0810;
				ORGANIZATIONNAME = "Quinten van der Post";
				TargetAttributes = {
					393E09181DED8C8B00661030 = {
						CreatedOnToolsVersion = 8.1;
						DevelopmentTeam = 9UM8KQFS44;
						ProvisioningStyle = Automatic;
					};
				};
			};
			buildConfigurationList = 393E09141DED8C8B00661030 /* Build configuration list for PBXProject "10272380-pset5" */;
			compatibilityVersion = "Xcode 3.2";
			developmentRegion = English;
			hasScannedForEncodings = 0;
			knownRegions = (
				en,
				Base,
			);
			mainGroup = 393E09101DED8C8B00661030;
			productRefGroup = 393E091A1DED8C8B00661030 /* Products */;
			projectDirPath = "";
			projectRoot = "";
			targets = (
				393E09181DED8C8B00661030 /* 10272380-pset5 */,
			);
		};
/* End PBXProject section */

/* Begin PBXResourcesBuildPhase section */
		393E09171DED8C8B00661030 /* Resources */ = {
			isa = PBXResourcesBuildPhase;
			buildActionMask = 2147483647;
			files = (
				393E09291DED8C8B00661030 /* LaunchScreen.storyboard in Resources */,
				393E09261DED8C8B00661030 /* Assets.xcassets in Resources */,
				393E09241DED8C8B00661030 /* Main.storyboard in Resources */,
			);
			runOnlyForDeploymentPostprocessing = 0;
		};
/* End PBXResourcesBuildPhase section */

/* Begin PBXShellScriptBuildPhase section */
		6A0B7A5411F3101698D2B4C5 /* [CP] Check Pods Manifest.lock */ = {
			isa = PBXShellScriptBuildPhase;
			buildActionMask = 2147483647;
			files = (
			);
			inputPaths = (
			);
			name = "[CP] Check Pods Manifest.lock";
			outputPaths = (
			);
			runOnlyForDeploymentPostprocessing = 0;
			shellPath = /bin/sh;
			shellScript = "diff \"${PODS_ROOT}/../Podfile.lock\" \"${PODS_ROOT}/Manifest.lock\" > /dev/null\nif [ $? != 0 ] ; then\n    # print error to STDERR\n    echo \"error: The sandbox is not in sync with the Podfile.lock. Run 'pod install' or update your CocoaPods installation.\" >&2\n    exit 1\nfi\n";
			showEnvVarsInLog = 0;
		};
		782FF8A7191B2B27A62BABC1 /* [CP] Copy Pods Resources */ = {
			isa = PBXShellScriptBuildPhase;
			buildActionMask = 2147483647;
			files = (
			);
			inputPaths = (
			);
			name = "[CP] Copy Pods Resources";
			outputPaths = (
			);
			runOnlyForDeploymentPostprocessing = 0;
			shellPath = /bin/sh;
			shellScript = "\"${SRCROOT}/Pods/Target Support Files/Pods-10272380-pset5/Pods-10272380-pset5-resources.sh\"\n";
			showEnvVarsInLog = 0;
		};
		ED6C8D210A93E8EA2B23A71A /* [CP] Embed Pods Frameworks */ = {
			isa = PBXShellScriptBuildPhase;
			buildActionMask = 2147483647;
			files = (
			);
			inputPaths = (
			);
			name = "[CP] Embed Pods Frameworks";
			outputPaths = (
			);
			runOnlyForDeploymentPostprocessing = 0;
			shellPath = /bin/sh;
			shellScript = "\"${SRCROOT}/Pods/Target Support Files/Pods-10272380-pset5/Pods-10272380-pset5-frameworks.sh\"\n";
			showEnvVarsInLog = 0;
		};
/* End PBXShellScriptBuildPhase section */

/* Begin PBXSourcesBuildPhase section */
		393E09151DED8C8B00661030 /* Sources */ = {
			isa = PBXSourcesBuildPhase;
			buildActionMask = 2147483647;
			files = (
				393E09331DED938900661030 /* TodoItem.swift in Sources */,
				393E09311DED8F1800661030 /* DataBaseHelper.swift in Sources */,
				39D2E3F21DF1B8710008D80D /* ItemCell.swift in Sources */,
				393E09211DED8C8B00661030 /* DetailViewController.swift in Sources */,
				393E09351DED946000661030 /* TodoList.swift in Sources */,
				393E091F1DED8C8B00661030 /* MasterViewController.swift in Sources */,
				39D2E3F01DF18CD00008D80D /* ListCell.swift in Sources */,
				393E091D1DED8C8B00661030 /* AppDelegate.swift in Sources */,
				393E09371DED95DF00661030 /* TodoManager.swift in Sources */,
			);
			runOnlyForDeploymentPostprocessing = 0;
		};
/* End PBXSourcesBuildPhase section */

/* Begin PBXVariantGroup section */
		393E09221DED8C8B00661030 /* Main.storyboard */ = {
			isa = PBXVariantGroup;
			children = (
				393E09231DED8C8B00661030 /* Base */,
			);
			name = Main.storyboard;
			sourceTree = "<group>";
		};
		393E09271DED8C8B00661030 /* LaunchScreen.storyboard */ = {
			isa = PBXVariantGroup;
			children = (
				393E09281DED8C8B00661030 /* Base */,
			);
			name = LaunchScreen.storyboard;
			sourceTree = "<group>";
		};
/* End PBXVariantGroup section */

/* Begin XCBuildConfiguration section */
		393E092B1DED8C8B00661030 /* Debug */ = {
			isa = XCBuildConfiguration;
			buildSettings = {
				ALWAYS_SEARCH_USER_PATHS = NO;
				CLANG_ANALYZER_NONNULL = YES;
				CLANG_CXX_LANGUAGE_STANDARD = "gnu++0x";
				CLANG_CXX_LIBRARY = "libc++";
				CLANG_ENABLE_MODULES = YES;
				CLANG_ENABLE_OBJC_ARC = YES;
				CLANG_WARN_BOOL_CONVERSION = YES;
				CLANG_WARN_CONSTANT_CONVERSION = YES;
				CLANG_WARN_DIRECT_OBJC_ISA_USAGE = YES_ERROR;
				CLANG_WARN_DOCUMENTATION_COMMENTS = YES;
				CLANG_WARN_EMPTY_BODY = YES;
				CLANG_WARN_ENUM_CONVERSION = YES;
				CLANG_WARN_INFINITE_RECURSION = YES;
				CLANG_WARN_INT_CONVERSION = YES;
				CLANG_WARN_OBJC_ROOT_CLASS = YES_ERROR;
				CLANG_WARN_SUSPICIOUS_MOVES = YES;
				CLANG_WARN_UNREACHABLE_CODE = YES;
				CLANG_WARN__DUPLICATE_METHOD_MATCH = YES;
				"CODE_SIGN_IDENTITY[sdk=iphoneos*]" = "iPhone Developer";
				COPY_PHASE_STRIP = NO;
				DEBUG_INFORMATION_FORMAT = dwarf;
				ENABLE_STRICT_OBJC_MSGSEND = YES;
				ENABLE_TESTABILITY = YES;
				GCC_C_LANGUAGE_STANDARD = gnu99;
				GCC_DYNAMIC_NO_PIC = NO;
				GCC_NO_COMMON_BLOCKS = YES;
				GCC_OPTIMIZATION_LEVEL = 0;
				GCC_PREPROCESSOR_DEFINITIONS = (
					"DEBUG=1",
					"$(inherited)",
				);
				GCC_WARN_64_TO_32_BIT_CONVERSION = YES;
				GCC_WARN_ABOUT_RETURN_TYPE = YES_ERROR;
				GCC_WARN_UNDECLARED_SELECTOR = YES;
				GCC_WARN_UNINITIALIZED_AUTOS = YES_AGGRESSIVE;
				GCC_WARN_UNUSED_FUNCTION = YES;
				GCC_WARN_UNUSED_VARIABLE = YES;
				IPHONEOS_DEPLOYMENT_TARGET = 10.1;
				MTL_ENABLE_DEBUG_INFO = YES;
				ONLY_ACTIVE_ARCH = YES;
				SDKROOT = iphoneos;
				SWIFT_ACTIVE_COMPILATION_CONDITIONS = DEBUG;
				SWIFT_OPTIMIZATION_LEVEL = "-Onone";
			};
			name = Debug;
		};
		393E092C1DED8C8B00661030 /* Release */ = {
			isa = XCBuildConfiguration;
			buildSettings = {
				ALWAYS_SEARCH_USER_PATHS = NO;
				CLANG_ANALYZER_NONNULL = YES;
				CLANG_CXX_LANGUAGE_STANDARD = "gnu++0x";
				CLANG_CXX_LIBRARY = "libc++";
				CLANG_ENABLE_MODULES = YES;
				CLANG_ENABLE_OBJC_ARC = YES;
				CLANG_WARN_BOOL_CONVERSION = YES;
				CLANG_WARN_CONSTANT_CONVERSION = YES;
				CLANG_WARN_DIRECT_OBJC_ISA_USAGE = YES_ERROR;
				CLANG_WARN_DOCUMENTATION_COMMENTS = YES;
				CLANG_WARN_EMPTY_BODY = YES;
				CLANG_WARN_ENUM_CONVERSION = YES;
				CLANG_WARN_INFINITE_RECURSION = YES;
				CLANG_WARN_INT_CONVERSION = YES;
				CLANG_WARN_OBJC_ROOT_CLASS = YES_ERROR;
				CLANG_WARN_SUSPICIOUS_MOVES = YES;
				CLANG_WARN_UNREACHABLE_CODE = YES;
				CLANG_WARN__DUPLICATE_METHOD_MATCH = YES;
				"CODE_SIGN_IDENTITY[sdk=iphoneos*]" = "iPhone Developer";
				COPY_PHASE_STRIP = NO;
				DEBUG_INFORMATION_FORMAT = "dwarf-with-dsym";
				ENABLE_NS_ASSERTIONS = NO;
				ENABLE_STRICT_OBJC_MSGSEND = YES;
				GCC_C_LANGUAGE_STANDARD = gnu99;
				GCC_NO_COMMON_BLOCKS = YES;
				GCC_WARN_64_TO_32_BIT_CONVERSION = YES;
				GCC_WARN_ABOUT_RETURN_TYPE = YES_ERROR;
				GCC_WARN_UNDECLARED_SELECTOR = YES;
				GCC_WARN_UNINITIALIZED_AUTOS = YES_AGGRESSIVE;
				GCC_WARN_UNUSED_FUNCTION = YES;
				GCC_WARN_UNUSED_VARIABLE = YES;
				IPHONEOS_DEPLOYMENT_TARGET = 10.1;
				MTL_ENABLE_DEBUG_INFO = NO;
				SDKROOT = iphoneos;
				SWIFT_OPTIMIZATION_LEVEL = "-Owholemodule";
				VALIDATE_PRODUCT = YES;
			};
			name = Release;
		};
		393E092E1DED8C8B00661030 /* Debug */ = {
			isa = XCBuildConfiguration;
			baseConfigurationReference = A457906A15CF1BF0AAD1BB9E /* Pods-10272380-pset5.debug.xcconfig */;
			buildSettings = {
				ASSETCATALOG_COMPILER_APPICON_NAME = AppIcon;
				DEVELOPMENT_TEAM = 9UM8KQFS44;
				INFOPLIST_FILE = "10272380-pset5/Info.plist";
				LD_RUNPATH_SEARCH_PATHS = "$(inherited) @executable_path/Frameworks";
				PRODUCT_BUNDLE_IDENTIFIER = "nl.mprog.-0272380-pset5";
				PRODUCT_NAME = "$(TARGET_NAME)";
				SWIFT_VERSION = 3.0;
			};
			name = Debug;
		};
		393E092F1DED8C8B00661030 /* Release */ = {
			isa = XCBuildConfiguration;
			baseConfigurationReference = B84438188C1E26C94C76C204 /* Pods-10272380-pset5.release.xcconfig */;
			buildSettings = {
				ASSETCATALOG_COMPILER_APPICON_NAME = AppIcon;
				DEVELOPMENT_TEAM = 9UM8KQFS44;
				INFOPLIST_FILE = "10272380-pset5/Info.plist";
				LD_RUNPATH_SEARCH_PATHS = "$(inherited) @executable_path/Frameworks";
				PRODUCT_BUNDLE_IDENTIFIER = "nl.mprog.-0272380-pset5";
				PRODUCT_NAME = "$(TARGET_NAME)";
				SWIFT_VERSION = 3.0;
			};
			name = Release;
		};
/* End XCBuildConfiguration section */

/* Begin XCConfigurationList section */
		393E09141DED8C8B00661030 /* Build configuration list for PBXProject "10272380-pset5" */ = {
			isa = XCConfigurationList;
			buildConfigurations = (
				393E092B1DED8C8B00661030 /* Debug */,
				393E092C1DED8C8B00661030 /* Release */,
			);
			defaultConfigurationIsVisible = 0;
			defaultConfigurationName = Release;
		};
		393E092D1DED8C8B00661030 /* Build configuration list for PBXNativeTarget "10272380-pset5" */ = {
			isa = XCConfigurationList;
			buildConfigurations = (
				393E092E1DED8C8B00661030 /* Debug */,
				393E092F1DED8C8B00661030 /* Release */,
			);
			defaultConfigurationIsVisible = 0;
			defaultConfigurationName = Release;
		};
/* End XCConfigurationList section */
	};
	rootObject = 393E09111DED8C8B00661030 /* Project object */;
}
